// !$*UTF8*$!
{
	archiveVersion = 1;
	classes = {
	};
	objectVersion = 50;
	objects = {

/* Begin PBXBuildFile section */
		C83C370720C4464400ED5901 /* SettingsTableViewController.swift in Sources */ = {isa = PBXBuildFile; fileRef = C83C370620C4464400ED5901 /* SettingsTableViewController.swift */; };
		C83C370920C44BE200ED5901 /* SettingsTableViewCell.swift in Sources */ = {isa = PBXBuildFile; fileRef = C83C370820C44BE200ED5901 /* SettingsTableViewCell.swift */; };
		C8C907AE20C6F4AB0099CEFF /* NotificationsTableViewCell.swift in Sources */ = {isa = PBXBuildFile; fileRef = C8C907AD20C6F4AB0099CEFF /* NotificationsTableViewCell.swift */; };
		C8C907B020C6F4C30099CEFF /* NotificationsTableViewController.swift in Sources */ = {isa = PBXBuildFile; fileRef = C8C907AF20C6F4C30099CEFF /* NotificationsTableViewController.swift */; };
		C8C907B420C87C6A0099CEFF /* Extensions.swift in Sources */ = {isa = PBXBuildFile; fileRef = C8C907B320C87C690099CEFF /* Extensions.swift */; };
		C8E9403D20BCE57E00B3AD31 /* EventTableViewCell.swift in Sources */ = {isa = PBXBuildFile; fileRef = C8E9403C20BCE57E00B3AD31 /* EventTableViewCell.swift */; };
		C8E9403F20BCEA9700B3AD31 /* EventMasterViewController.swift in Sources */ = {isa = PBXBuildFile; fileRef = C8E9403E20BCEA9700B3AD31 /* EventMasterViewController.swift */; };
		C8E9404120BCEAE200B3AD31 /* Event.swift in Sources */ = {isa = PBXBuildFile; fileRef = C8E9404020BCEAE200B3AD31 /* Event.swift */; };
		C8F46D3320BB9FA20048E755 /* AppDelegate.swift in Sources */ = {isa = PBXBuildFile; fileRef = C8F46D3220BB9FA20048E755 /* AppDelegate.swift */; };
		C8F46D3520BB9FA20048E755 /* EventDetailViewController.swift in Sources */ = {isa = PBXBuildFile; fileRef = C8F46D3420BB9FA20048E755 /* EventDetailViewController.swift */; };
		C8F46D3820BB9FA20048E755 /* Main.storyboard in Resources */ = {isa = PBXBuildFile; fileRef = C8F46D3620BB9FA20048E755 /* Main.storyboard */; };
		C8F46D3A20BB9FA20048E755 /* Assets.xcassets in Resources */ = {isa = PBXBuildFile; fileRef = C8F46D3920BB9FA20048E755 /* Assets.xcassets */; };
		C8F46D3D20BB9FA20048E755 /* LaunchScreen.storyboard in Resources */ = {isa = PBXBuildFile; fileRef = C8F46D3B20BB9FA20048E755 /* LaunchScreen.storyboard */; };
		C8F46D4820BB9FA20048E755 /* PriorityRemindersTests.swift in Sources */ = {isa = PBXBuildFile; fileRef = C8F46D4720BB9FA20048E755 /* PriorityRemindersTests.swift */; };
		C8F46D5320BB9FA20048E755 /* PriorityRemindersUITests.swift in Sources */ = {isa = PBXBuildFile; fileRef = C8F46D5220BB9FA20048E755 /* PriorityRemindersUITests.swift */; };
/* End PBXBuildFile section */

/* Begin PBXContainerItemProxy section */
		C8F46D4420BB9FA20048E755 /* PBXContainerItemProxy */ = {
			isa = PBXContainerItemProxy;
			containerPortal = C8F46D2720BB9FA10048E755 /* Project object */;
			proxyType = 1;
			remoteGlobalIDString = C8F46D2E20BB9FA10048E755;
			remoteInfo = PriorityReminders;
		};
		C8F46D4F20BB9FA20048E755 /* PBXContainerItemProxy */ = {
			isa = PBXContainerItemProxy;
			containerPortal = C8F46D2720BB9FA10048E755 /* Project object */;
			proxyType = 1;
			remoteGlobalIDString = C8F46D2E20BB9FA10048E755;
			remoteInfo = PriorityReminders;
		};
/* End PBXContainerItemProxy section */

/* Begin PBXFileReference section */
		C83C370620C4464400ED5901 /* SettingsTableViewController.swift */ = {isa = PBXFileReference; lastKnownFileType = sourcecode.swift; name = SettingsTableViewController.swift; path = "PriorityReminders/View Controllers/SettingsTableViewController.swift"; sourceTree = SOURCE_ROOT; };
		C83C370820C44BE200ED5901 /* SettingsTableViewCell.swift */ = {isa = PBXFileReference; lastKnownFileType = sourcecode.swift; name = SettingsTableViewCell.swift; path = "PriorityReminders/Table Cells/SettingsTableViewCell.swift"; sourceTree = SOURCE_ROOT; };
		C8C907AD20C6F4AB0099CEFF /* NotificationsTableViewCell.swift */ = {isa = PBXFileReference; lastKnownFileType = sourcecode.swift; path = NotificationsTableViewCell.swift; sourceTree = "<group>"; };
		C8C907AF20C6F4C30099CEFF /* NotificationsTableViewController.swift */ = {isa = PBXFileReference; lastKnownFileType = sourcecode.swift; path = NotificationsTableViewController.swift; sourceTree = "<group>"; };
		C8C907B320C87C690099CEFF /* Extensions.swift */ = {isa = PBXFileReference; lastKnownFileType = sourcecode.swift; path = Extensions.swift; sourceTree = "<group>"; };
		C8E9403C20BCE57E00B3AD31 /* EventTableViewCell.swift */ = {isa = PBXFileReference; lastKnownFileType = sourcecode.swift; path = EventTableViewCell.swift; sourceTree = "<group>"; };
		C8E9403E20BCEA9700B3AD31 /* EventMasterViewController.swift */ = {isa = PBXFileReference; lastKnownFileType = sourcecode.swift; path = EventMasterViewController.swift; sourceTree = "<group>"; };
		C8E9404020BCEAE200B3AD31 /* Event.swift */ = {isa = PBXFileReference; lastKnownFileType = sourcecode.swift; path = Event.swift; sourceTree = "<group>"; };
		C8F46D2F20BB9FA20048E755 /* PriorityReminders.app */ = {isa = PBXFileReference; explicitFileType = wrapper.application; includeInIndex = 0; path = PriorityReminders.app; sourceTree = BUILT_PRODUCTS_DIR; };
		C8F46D3220BB9FA20048E755 /* AppDelegate.swift */ = {isa = PBXFileReference; lastKnownFileType = sourcecode.swift; path = AppDelegate.swift; sourceTree = "<group>"; };
		C8F46D3420BB9FA20048E755 /* EventDetailViewController.swift */ = {isa = PBXFileReference; lastKnownFileType = sourcecode.swift; path = EventDetailViewController.swift; sourceTree = "<group>"; };
		C8F46D3720BB9FA20048E755 /* Base */ = {isa = PBXFileReference; lastKnownFileType = file.storyboard; name = Base; path = Base.lproj/Main.storyboard; sourceTree = "<group>"; };
		C8F46D3920BB9FA20048E755 /* Assets.xcassets */ = {isa = PBXFileReference; lastKnownFileType = folder.assetcatalog; path = Assets.xcassets; sourceTree = "<group>"; };
		C8F46D3C20BB9FA20048E755 /* Base */ = {isa = PBXFileReference; lastKnownFileType = file.storyboard; name = Base; path = Base.lproj/LaunchScreen.storyboard; sourceTree = "<group>"; };
		C8F46D3E20BB9FA20048E755 /* Info.plist */ = {isa = PBXFileReference; lastKnownFileType = text.plist.xml; path = Info.plist; sourceTree = "<group>"; };
		C8F46D4320BB9FA20048E755 /* PriorityRemindersTests.xctest */ = {isa = PBXFileReference; explicitFileType = wrapper.cfbundle; includeInIndex = 0; path = PriorityRemindersTests.xctest; sourceTree = BUILT_PRODUCTS_DIR; };
		C8F46D4720BB9FA20048E755 /* PriorityRemindersTests.swift */ = {isa = PBXFileReference; lastKnownFileType = sourcecode.swift; path = PriorityRemindersTests.swift; sourceTree = "<group>"; };
		C8F46D4920BB9FA20048E755 /* Info.plist */ = {isa = PBXFileReference; lastKnownFileType = text.plist.xml; path = Info.plist; sourceTree = "<group>"; };
		C8F46D4E20BB9FA20048E755 /* PriorityRemindersUITests.xctest */ = {isa = PBXFileReference; explicitFileType = wrapper.cfbundle; includeInIndex = 0; path = PriorityRemindersUITests.xctest; sourceTree = BUILT_PRODUCTS_DIR; };
		C8F46D5220BB9FA20048E755 /* PriorityRemindersUITests.swift */ = {isa = PBXFileReference; lastKnownFileType = sourcecode.swift; path = PriorityRemindersUITests.swift; sourceTree = "<group>"; };
		C8F46D5420BB9FA20048E755 /* Info.plist */ = {isa = PBXFileReference; lastKnownFileType = text.plist.xml; path = Info.plist; sourceTree = "<group>"; };
/* End PBXFileReference section */

/* Begin PBXFrameworksBuildPhase section */
		C8F46D2C20BB9FA10048E755 /* Frameworks */ = {
			isa = PBXFrameworksBuildPhase;
			buildActionMask = 2147483647;
			files = (
			);
			runOnlyForDeploymentPostprocessing = 0;
		};
		C8F46D4020BB9FA20048E755 /* Frameworks */ = {
			isa = PBXFrameworksBuildPhase;
			buildActionMask = 2147483647;
			files = (
			);
			runOnlyForDeploymentPostprocessing = 0;
		};
		C8F46D4B20BB9FA20048E755 /* Frameworks */ = {
			isa = PBXFrameworksBuildPhase;
			buildActionMask = 2147483647;
			files = (
			);
			runOnlyForDeploymentPostprocessing = 0;
		};
/* End PBXFrameworksBuildPhase section */

/* Begin PBXGroup section */
		C83C370520C356A900ED5901 /* Storyboards */ = {
			isa = PBXGroup;
			children = (
				C8F46D3620BB9FA20048E755 /* Main.storyboard */,
				C8F46D3B20BB9FA20048E755 /* LaunchScreen.storyboard */,
			);
			path = Storyboards;
			sourceTree = "<group>";
		};
		C8550A8A20C352710022B815 /* View Controllers */ = {
			isa = PBXGroup;
			children = (
				C8C907AF20C6F4C30099CEFF /* NotificationsTableViewController.swift */,
				C83C370620C4464400ED5901 /* SettingsTableViewController.swift */,
				C8F46D3420BB9FA20048E755 /* EventDetailViewController.swift */,
				C8E9403E20BCEA9700B3AD31 /* EventMasterViewController.swift */,
			);
			path = "View Controllers";
			sourceTree = "<group>";
		};
		C8550A8D20C3529B0022B815 /* Table Cells */ = {
			isa = PBXGroup;
			children = (
				C8C907AD20C6F4AB0099CEFF /* NotificationsTableViewCell.swift */,
				C83C370820C44BE200ED5901 /* SettingsTableViewCell.swift */,
				C8E9403C20BCE57E00B3AD31 /* EventTableViewCell.swift */,
			);
			path = "Table Cells";
			sourceTree = "<group>";
		};
		C8550A9020C352CE0022B815 /* Model */ = {
			isa = PBXGroup;
			children = (
				C8E9404020BCEAE200B3AD31 /* Event.swift */,
			);
			path = Model;
			sourceTree = "<group>";
		};
		C8F46D2620BB9FA10048E755 = {
			isa = PBXGroup;
			children = (
				C8F46D3120BB9FA20048E755 /* PriorityReminders */,
				C8F46D4620BB9FA20048E755 /* PriorityRemindersTests */,
				C8F46D5120BB9FA20048E755 /* PriorityRemindersUITests */,
				C8F46D3020BB9FA20048E755 /* Products */,
			);
			sourceTree = "<group>";
		};
		C8F46D3020BB9FA20048E755 /* Products */ = {
			isa = PBXGroup;
			children = (
				C8F46D2F20BB9FA20048E755 /* PriorityReminders.app */,
				C8F46D4320BB9FA20048E755 /* PriorityRemindersTests.xctest */,
				C8F46D4E20BB9FA20048E755 /* PriorityRemindersUITests.xctest */,
			);
			name = Products;
			sourceTree = "<group>";
		};
		C8F46D3120BB9FA20048E755 /* PriorityReminders */ = {
			isa = PBXGroup;
			children = (
				C8C907B320C87C690099CEFF /* Extensions.swift */,
				C83C370520C356A900ED5901 /* Storyboards */,
				C8550A8A20C352710022B815 /* View Controllers */,
				C8550A8D20C3529B0022B815 /* Table Cells */,
				C8550A9020C352CE0022B815 /* Model */,
				C8F46D3220BB9FA20048E755 /* AppDelegate.swift */,
				C8F46D3920BB9FA20048E755 /* Assets.xcassets */,
				C8F46D3E20BB9FA20048E755 /* Info.plist */,
			);
			path = PriorityReminders;
			sourceTree = "<group>";
		};
		C8F46D4620BB9FA20048E755 /* PriorityRemindersTests */ = {
			isa = PBXGroup;
			children = (
				C8F46D4720BB9FA20048E755 /* PriorityRemindersTests.swift */,
				C8F46D4920BB9FA20048E755 /* Info.plist */,
			);
			path = PriorityRemindersTests;
			sourceTree = "<group>";
		};
		C8F46D5120BB9FA20048E755 /* PriorityRemindersUITests */ = {
			isa = PBXGroup;
			children = (
				C8F46D5220BB9FA20048E755 /* PriorityRemindersUITests.swift */,
				C8F46D5420BB9FA20048E755 /* Info.plist */,
			);
			path = PriorityRemindersUITests;
			sourceTree = "<group>";
		};
/* End PBXGroup section */

/* Begin PBXNativeTarget section */
		C8F46D2E20BB9FA10048E755 /* PriorityReminders */ = {
			isa = PBXNativeTarget;
			buildConfigurationList = C8F46D5720BB9FA20048E755 /* Build configuration list for PBXNativeTarget "PriorityReminders" */;
			buildPhases = (
				C8F46D2B20BB9FA10048E755 /* Sources */,
				C8F46D2C20BB9FA10048E755 /* Frameworks */,
				C8F46D2D20BB9FA10048E755 /* Resources */,
			);
			buildRules = (
			);
			dependencies = (
			);
			name = PriorityReminders;
			productName = PriorityReminders;
			productReference = C8F46D2F20BB9FA20048E755 /* PriorityReminders.app */;
			productType = "com.apple.product-type.application";
		};
		C8F46D4220BB9FA20048E755 /* PriorityRemindersTests */ = {
			isa = PBXNativeTarget;
			buildConfigurationList = C8F46D5A20BB9FA20048E755 /* Build configuration list for PBXNativeTarget "PriorityRemindersTests" */;
			buildPhases = (
				C8F46D3F20BB9FA20048E755 /* Sources */,
				C8F46D4020BB9FA20048E755 /* Frameworks */,
				C8F46D4120BB9FA20048E755 /* Resources */,
			);
			buildRules = (
			);
			dependencies = (
				C8F46D4520BB9FA20048E755 /* PBXTargetDependency */,
			);
			name = PriorityRemindersTests;
			productName = PriorityRemindersTests;
			productReference = C8F46D4320BB9FA20048E755 /* PriorityRemindersTests.xctest */;
			productType = "com.apple.product-type.bundle.unit-test";
		};
		C8F46D4D20BB9FA20048E755 /* PriorityRemindersUITests */ = {
			isa = PBXNativeTarget;
			buildConfigurationList = C8F46D5D20BB9FA20048E755 /* Build configuration list for PBXNativeTarget "PriorityRemindersUITests" */;
			buildPhases = (
				C8F46D4A20BB9FA20048E755 /* Sources */,
				C8F46D4B20BB9FA20048E755 /* Frameworks */,
				C8F46D4C20BB9FA20048E755 /* Resources */,
			);
			buildRules = (
			);
			dependencies = (
				C8F46D5020BB9FA20048E755 /* PBXTargetDependency */,
			);
			name = PriorityRemindersUITests;
			productName = PriorityRemindersUITests;
			productReference = C8F46D4E20BB9FA20048E755 /* PriorityRemindersUITests.xctest */;
			productType = "com.apple.product-type.bundle.ui-testing";
		};
/* End PBXNativeTarget section */

/* Begin PBXProject section */
		C8F46D2720BB9FA10048E755 /* Project object */ = {
			isa = PBXProject;
			attributes = {
				LastSwiftUpdateCheck = 0930;
				LastUpgradeCheck = 0930;
				ORGANIZATIONNAME = "Yashas Lokesh";
				TargetAttributes = {
					C8F46D2E20BB9FA10048E755 = {
						CreatedOnToolsVersion = 9.3.1;
						LastSwiftMigration = 1000;
					};
					C8F46D4220BB9FA20048E755 = {
						CreatedOnToolsVersion = 9.3.1;
						LastSwiftMigration = 1000;
						TestTargetID = C8F46D2E20BB9FA10048E755;
					};
					C8F46D4D20BB9FA20048E755 = {
						CreatedOnToolsVersion = 9.3.1;
						LastSwiftMigration = 1000;
						TestTargetID = C8F46D2E20BB9FA10048E755;
					};
				};
			};
			buildConfigurationList = C8F46D2A20BB9FA10048E755 /* Build configuration list for PBXProject "PriorityReminders" */;
			compatibilityVersion = "Xcode 9.3";
			developmentRegion = en;
			hasScannedForEncodings = 0;
			knownRegions = (
				en,
				Base,
			);
			mainGroup = C8F46D2620BB9FA10048E755;
			productRefGroup = C8F46D3020BB9FA20048E755 /* Products */;
			projectDirPath = "";
			projectRoot = "";
			targets = (
				C8F46D2E20BB9FA10048E755 /* PriorityReminders */,
				C8F46D4220BB9FA20048E755 /* PriorityRemindersTests */,
				C8F46D4D20BB9FA20048E755 /* PriorityRemindersUITests */,
			);
		};
/* End PBXProject section */

/* Begin PBXResourcesBuildPhase section */
		C8F46D2D20BB9FA10048E755 /* Resources */ = {
			isa = PBXResourcesBuildPhase;
			buildActionMask = 2147483647;
			files = (
				C8F46D3D20BB9FA20048E755 /* LaunchScreen.storyboard in Resources */,
				C8F46D3A20BB9FA20048E755 /* Assets.xcassets in Resources */,
				C8F46D3820BB9FA20048E755 /* Main.storyboard in Resources */,
			);
			runOnlyForDeploymentPostprocessing = 0;
		};
		C8F46D4120BB9FA20048E755 /* Resources */ = {
			isa = PBXResourcesBuildPhase;
			buildActionMask = 2147483647;
			files = (
			);
			runOnlyForDeploymentPostprocessing = 0;
		};
		C8F46D4C20BB9FA20048E755 /* Resources */ = {
			isa = PBXResourcesBuildPhase;
			buildActionMask = 2147483647;
			files = (
			);
			runOnlyForDeploymentPostprocessing = 0;
		};
/* End PBXResourcesBuildPhase section */

/* Begin PBXSourcesBuildPhase section */
		C8F46D2B20BB9FA10048E755 /* Sources */ = {
			isa = PBXSourcesBuildPhase;
			buildActionMask = 2147483647;
			files = (
				C8C907AE20C6F4AB0099CEFF /* NotificationsTableViewCell.swift in Sources */,
				C8E9403D20BCE57E00B3AD31 /* EventTableViewCell.swift in Sources */,
				C8F46D3520BB9FA20048E755 /* EventDetailViewController.swift in Sources */,
				C83C370720C4464400ED5901 /* SettingsTableViewController.swift in Sources */,
				C8E9403F20BCEA9700B3AD31 /* EventMasterViewController.swift in Sources */,
				C83C370920C44BE200ED5901 /* SettingsTableViewCell.swift in Sources */,
				C8F46D3320BB9FA20048E755 /* AppDelegate.swift in Sources */,
				C8E9404120BCEAE200B3AD31 /* Event.swift in Sources */,
				C8C907B420C87C6A0099CEFF /* Extensions.swift in Sources */,
				C8C907B020C6F4C30099CEFF /* NotificationsTableViewController.swift in Sources */,
			);
			runOnlyForDeploymentPostprocessing = 0;
		};
		C8F46D3F20BB9FA20048E755 /* Sources */ = {
			isa = PBXSourcesBuildPhase;
			buildActionMask = 2147483647;
			files = (
				C8F46D4820BB9FA20048E755 /* PriorityRemindersTests.swift in Sources */,
			);
			runOnlyForDeploymentPostprocessing = 0;
		};
		C8F46D4A20BB9FA20048E755 /* Sources */ = {
			isa = PBXSourcesBuildPhase;
			buildActionMask = 2147483647;
			files = (
				C8F46D5320BB9FA20048E755 /* PriorityRemindersUITests.swift in Sources */,
			);
			runOnlyForDeploymentPostprocessing = 0;
		};
/* End PBXSourcesBuildPhase section */

/* Begin PBXTargetDependency section */
		C8F46D4520BB9FA20048E755 /* PBXTargetDependency */ = {
			isa = PBXTargetDependency;
			target = C8F46D2E20BB9FA10048E755 /* PriorityReminders */;
			targetProxy = C8F46D4420BB9FA20048E755 /* PBXContainerItemProxy */;
		};
		C8F46D5020BB9FA20048E755 /* PBXTargetDependency */ = {
			isa = PBXTargetDependency;
			target = C8F46D2E20BB9FA10048E755 /* PriorityReminders */;
			targetProxy = C8F46D4F20BB9FA20048E755 /* PBXContainerItemProxy */;
		};
/* End PBXTargetDependency section */

/* Begin PBXVariantGroup section */
		C8F46D3620BB9FA20048E755 /* Main.storyboard */ = {
			isa = PBXVariantGroup;
			children = (
				C8F46D3720BB9FA20048E755 /* Base */,
			);
			name = Main.storyboard;
			sourceTree = "<group>";
		};
		C8F46D3B20BB9FA20048E755 /* LaunchScreen.storyboard */ = {
			isa = PBXVariantGroup;
			children = (
				C8F46D3C20BB9FA20048E755 /* Base */,
			);
			name = LaunchScreen.storyboard;
			sourceTree = "<group>";
		};
/* End PBXVariantGroup section */

/* Begin XCBuildConfiguration section */
		C8F46D5520BB9FA20048E755 /* Debug */ = {
			isa = XCBuildConfiguration;
			buildSettings = {
				ALWAYS_SEARCH_USER_PATHS = NO;
				CLANG_ANALYZER_NONNULL = YES;
				CLANG_ANALYZER_NUMBER_OBJECT_CONVERSION = YES_AGGRESSIVE;
				CLANG_CXX_LANGUAGE_STANDARD = "gnu++14";
				CLANG_CXX_LIBRARY = "libc++";
				CLANG_ENABLE_MODULES = YES;
				CLANG_ENABLE_OBJC_ARC = YES;
				CLANG_ENABLE_OBJC_WEAK = YES;
				CLANG_WARN_BLOCK_CAPTURE_AUTORELEASING = YES;
				CLANG_WARN_BOOL_CONVERSION = YES;
				CLANG_WARN_COMMA = YES;
				CLANG_WARN_CONSTANT_CONVERSION = YES;
				CLANG_WARN_DEPRECATED_OBJC_IMPLEMENTATIONS = YES;
				CLANG_WARN_DIRECT_OBJC_ISA_USAGE = YES_ERROR;
				CLANG_WARN_DOCUMENTATION_COMMENTS = YES;
				CLANG_WARN_EMPTY_BODY = YES;
				CLANG_WARN_ENUM_CONVERSION = YES;
				CLANG_WARN_INFINITE_RECURSION = YES;
				CLANG_WARN_INT_CONVERSION = YES;
				CLANG_WARN_NON_LITERAL_NULL_CONVERSION = YES;
				CLANG_WARN_OBJC_IMPLICIT_RETAIN_SELF = YES;
				CLANG_WARN_OBJC_LITERAL_CONVERSION = YES;
				CLANG_WARN_OBJC_ROOT_CLASS = YES_ERROR;
				CLANG_WARN_RANGE_LOOP_ANALYSIS = YES;
				CLANG_WARN_STRICT_PROTOTYPES = YES;
				CLANG_WARN_SUSPICIOUS_MOVE = YES;
				CLANG_WARN_UNGUARDED_AVAILABILITY = YES_AGGRESSIVE;
				CLANG_WARN_UNREACHABLE_CODE = YES;
				CLANG_WARN__DUPLICATE_METHOD_MATCH = YES;
				CODE_SIGN_IDENTITY = "iPhone Developer";
				COPY_PHASE_STRIP = NO;
				DEBUG_INFORMATION_FORMAT = dwarf;
				ENABLE_STRICT_OBJC_MSGSEND = YES;
				ENABLE_TESTABILITY = YES;
				GCC_C_LANGUAGE_STANDARD = gnu11;
				GCC_DYNAMIC_NO_PIC = NO;
				GCC_NO_COMMON_BLOCKS = YES;
				GCC_OPTIMIZATION_LEVEL = 0;
				GCC_PREPROCESSOR_DEFINITIONS = (
					"DEBUG=1",
					"$(inherited)",
				);
				GCC_WARN_64_TO_32_BIT_CONVERSION = YES;
				GCC_WARN_ABOUT_RETURN_TYPE = YES_ERROR;
				GCC_WARN_UNDECLARED_SELECTOR = YES;
				GCC_WARN_UNINITIALIZED_AUTOS = YES_AGGRESSIVE;
				GCC_WARN_UNUSED_FUNCTION = YES;
				GCC_WARN_UNUSED_VARIABLE = YES;
				IPHONEOS_DEPLOYMENT_TARGET = 12.0;
				MTL_ENABLE_DEBUG_INFO = YES;
				ONLY_ACTIVE_ARCH = YES;
				SDKROOT = iphoneos;
				SWIFT_ACTIVE_COMPILATION_CONDITIONS = DEBUG;
				SWIFT_OPTIMIZATION_LEVEL = "-Onone";
			};
			name = Debug;
		};
		C8F46D5620BB9FA20048E755 /* Release */ = {
			isa = XCBuildConfiguration;
			buildSettings = {
				ALWAYS_SEARCH_USER_PATHS = NO;
				CLANG_ANALYZER_NONNULL = YES;
				CLANG_ANALYZER_NUMBER_OBJECT_CONVERSION = YES_AGGRESSIVE;
				CLANG_CXX_LANGUAGE_STANDARD = "gnu++14";
				CLANG_CXX_LIBRARY = "libc++";
				CLANG_ENABLE_MODULES = YES;
				CLANG_ENABLE_OBJC_ARC = YES;
				CLANG_ENABLE_OBJC_WEAK = YES;
				CLANG_WARN_BLOCK_CAPTURE_AUTORELEASING = YES;
				CLANG_WARN_BOOL_CONVERSION = YES;
				CLANG_WARN_COMMA = YES;
				CLANG_WARN_CONSTANT_CONVERSION = YES;
				CLANG_WARN_DEPRECATED_OBJC_IMPLEMENTATIONS = YES;
				CLANG_WARN_DIRECT_OBJC_ISA_USAGE = YES_ERROR;
				CLANG_WARN_DOCUMENTATION_COMMENTS = YES;
				CLANG_WARN_EMPTY_BODY = YES;
				CLANG_WARN_ENUM_CONVERSION = YES;
				CLANG_WARN_INFINITE_RECURSION = YES;
				CLANG_WARN_INT_CONVERSION = YES;
				CLANG_WARN_NON_LITERAL_NULL_CONVERSION = YES;
				CLANG_WARN_OBJC_IMPLICIT_RETAIN_SELF = YES;
				CLANG_WARN_OBJC_LITERAL_CONVERSION = YES;
				CLANG_WARN_OBJC_ROOT_CLASS = YES_ERROR;
				CLANG_WARN_RANGE_LOOP_ANALYSIS = YES;
				CLANG_WARN_STRICT_PROTOTYPES = YES;
				CLANG_WARN_SUSPICIOUS_MOVE = YES;
				CLANG_WARN_UNGUARDED_AVAILABILITY = YES_AGGRESSIVE;
				CLANG_WARN_UNREACHABLE_CODE = YES;
				CLANG_WARN__DUPLICATE_METHOD_MATCH = YES;
				CODE_SIGN_IDENTITY = "iPhone Developer";
				COPY_PHASE_STRIP = NO;
				DEBUG_INFORMATION_FORMAT = "dwarf-with-dsym";
				ENABLE_NS_ASSERTIONS = NO;
				ENABLE_STRICT_OBJC_MSGSEND = YES;
				GCC_C_LANGUAGE_STANDARD = gnu11;
				GCC_NO_COMMON_BLOCKS = YES;
				GCC_WARN_64_TO_32_BIT_CONVERSION = YES;
				GCC_WARN_ABOUT_RETURN_TYPE = YES_ERROR;
				GCC_WARN_UNDECLARED_SELECTOR = YES;
				GCC_WARN_UNINITIALIZED_AUTOS = YES_AGGRESSIVE;
				GCC_WARN_UNUSED_FUNCTION = YES;
				GCC_WARN_UNUSED_VARIABLE = YES;
				IPHONEOS_DEPLOYMENT_TARGET = 12.0;
				MTL_ENABLE_DEBUG_INFO = NO;
				SDKROOT = iphoneos;
				SWIFT_COMPILATION_MODE = wholemodule;
				SWIFT_OPTIMIZATION_LEVEL = "-O";
				VALIDATE_PRODUCT = YES;
			};
			name = Release;
		};
		C8F46D5820BB9FA20048E755 /* Debug */ = {
			isa = XCBuildConfiguration;
			buildSettings = {
				ASSETCATALOG_COMPILER_APPICON_NAME = AppIcon;
				CODE_SIGN_STYLE = Automatic;
				DEVELOPMENT_TEAM = 755T4D6UAX;
				INFOPLIST_FILE = PriorityReminders/Info.plist;
				IPHONEOS_DEPLOYMENT_TARGET = 12.0;
				LD_RUNPATH_SEARCH_PATHS = (
					"$(inherited)",
					"@executable_path/Frameworks",
				);
				PRODUCT_BUNDLE_IDENTIFIER = com.lokeshkrishnappa.PriorityReminders;
				PRODUCT_NAME = "$(TARGET_NAME)";
				SWIFT_VERSION = 4.2;
				TARGETED_DEVICE_FAMILY = "1,2";
			};
			name = Debug;
		};
		C8F46D5920BB9FA20048E755 /* Release */ = {
			isa = XCBuildConfiguration;
			buildSettings = {
				ASSETCATALOG_COMPILER_APPICON_NAME = AppIcon;
				CODE_SIGN_STYLE = Automatic;
				DEVELOPMENT_TEAM = 755T4D6UAX;
				INFOPLIST_FILE = PriorityReminders/Info.plist;
				IPHONEOS_DEPLOYMENT_TARGET = 12.0;
				LD_RUNPATH_SEARCH_PATHS = (
					"$(inherited)",
					"@executable_path/Frameworks",
				);
				PRODUCT_BUNDLE_IDENTIFIER = com.lokeshkrishnappa.PriorityReminders;
				PRODUCT_NAME = "$(TARGET_NAME)";
				SWIFT_VERSION = 4.2;
				TARGETED_DEVICE_FAMILY = "1,2";
			};
			name = Release;
		};
		C8F46D5B20BB9FA20048E755 /* Debug */ = {
			isa = XCBuildConfiguration;
			buildSettings = {
				ALWAYS_EMBED_SWIFT_STANDARD_LIBRARIES = YES;
				BUNDLE_LOADER = "$(TEST_HOST)";
				CODE_SIGN_STYLE = Automatic;
				DEVELOPMENT_TEAM = KVSXQ5FA5S;
				INFOPLIST_FILE = PriorityRemindersTests/Info.plist;
				LD_RUNPATH_SEARCH_PATHS = (
					"$(inherited)",
					"@executable_path/Frameworks",
					"@loader_path/Frameworks",
				);
				PRODUCT_BUNDLE_IDENTIFIER = com.yashaslokesh.PriorityRemindersTests;
				PRODUCT_NAME = "$(TARGET_NAME)";
				SWIFT_VERSION = 4.2;
				TARGETED_DEVICE_FAMILY = "1,2";
				TEST_HOST = "$(BUILT_PRODUCTS_DIR)/PriorityReminders.app/PriorityReminders";
			};
			name = Debug;
		};
		C8F46D5C20BB9FA20048E755 /* Release */ = {
			isa = XCBuildConfiguration;
			buildSettings = {
				ALWAYS_EMBED_SWIFT_STANDARD_LIBRARIES = YES;
				BUNDLE_LOADER = "$(TEST_HOST)";
				CODE_SIGN_STYLE = Automatic;
				DEVELOPMENT_TEAM = KVSXQ5FA5S;
				INFOPLIST_FILE = PriorityRemindersTests/Info.plist;
				LD_RUNPATH_SEARCH_PATHS = (
					"$(inherited)",
					"@executable_path/Frameworks",
					"@loader_path/Frameworks",
				);
				PRODUCT_BUNDLE_IDENTIFIER = com.yashaslokesh.PriorityRemindersTests;
				PRODUCT_NAME = "$(TARGET_NAME)";
				SWIFT_VERSION = 4.2;
				TARGETED_DEVICE_FAMILY = "1,2";
				TEST_HOST = "$(BUILT_PRODUCTS_DIR)/PriorityReminders.app/PriorityReminders";
			};
			name = Release;
		};
		C8F46D5E20BB9FA20048E755 /* Debug */ = {
			isa = XCBuildConfiguration;
			buildSettings = {
				ALWAYS_EMBED_SWIFT_STANDARD_LIBRARIES = YES;
				CODE_SIGN_STYLE = Automatic;
				DEVELOPMENT_TEAM = KVSXQ5FA5S;
				INFOPLIST_FILE = PriorityRemindersUITests/Info.plist;
				LD_RUNPATH_SEARCH_PATHS = (
					"$(inherited)",
					"@executable_path/Frameworks",
					"@loader_path/Frameworks",
				);
				PRODUCT_BUNDLE_IDENTIFIER = com.yashaslokesh.PriorityRemindersUITests;
				PRODUCT_NAME = "$(TARGET_NAME)";
				SWIFT_VERSION = 4.2;
				TARGETED_DEVICE_FAMILY = "1,2";
				TEST_TARGET_NAME = PriorityReminders;
			};
			name = Debug;
		};
		C8F46D5F20BB9FA20048E755 /* Release */ = {
			isa = XCBuildConfiguration;
			buildSettings = {
				ALWAYS_EMBED_SWIFT_STANDARD_LIBRARIES = YES;
				CODE_SIGN_STYLE = Automatic;
				DEVELOPMENT_TEAM = KVSXQ5FA5S;
				INFOPLIST_FILE = PriorityRemindersUITests/Info.plist;
				LD_RUNPATH_SEARCH_PATHS = (
					"$(inherited)",
					"@executable_path/Frameworks",
					"@loader_path/Frameworks",
				);
				PRODUCT_BUNDLE_IDENTIFIER = com.yashaslokesh.PriorityRemindersUITests;
				PRODUCT_NAME = "$(TARGET_NAME)";
				SWIFT_VERSION = 4.2;
				TARGETED_DEVICE_FAMILY = "1,2";
				TEST_TARGET_NAME = PriorityReminders;
			};
			name = Release;
		};
/* End XCBuildConfiguration section */

/* Begin XCConfigurationList section */
		C8F46D2A20BB9FA10048E755 /* Build configuration list for PBXProject "PriorityReminders" */ = {
			isa = XCConfigurationList;
			buildConfigurations = (
				C8F46D5520BB9FA20048E755 /* Debug */,
				C8F46D5620BB9FA20048E755 /* Release */,
			);
			defaultConfigurationIsVisible = 0;
			defaultConfigurationName = Release;
		};
		C8F46D5720BB9FA20048E755 /* Build configuration list for PBXNativeTarget "PriorityReminders" */ = {
			isa = XCConfigurationList;
			buildConfigurations = (
				C8F46D5820BB9FA20048E755 /* Debug */,
				C8F46D5920BB9FA20048E755 /* Release */,
			);
			defaultConfigurationIsVisible = 0;
			defaultConfigurationName = Release;
		};
		C8F46D5A20BB9FA20048E755 /* Build configuration list for PBXNativeTarget "PriorityRemindersTests" */ = {
			isa = XCConfigurationList;
			buildConfigurations = (
				C8F46D5B20BB9FA20048E755 /* Debug */,
				C8F46D5C20BB9FA20048E755 /* Release */,
			);
			defaultConfigurationIsVisible = 0;
			defaultConfigurationName = Release;
		};
		C8F46D5D20BB9FA20048E755 /* Build configuration list for PBXNativeTarget "PriorityRemindersUITests" */ = {
			isa = XCConfigurationList;
			buildConfigurations = (
				C8F46D5E20BB9FA20048E755 /* Debug */,
				C8F46D5F20BB9FA20048E755 /* Release */,
			);
			defaultConfigurationIsVisible = 0;
			defaultConfigurationName = Release;
		};
/* End XCConfigurationList section */
	};
	rootObject = C8F46D2720BB9FA10048E755 /* Project object */;
}
